
Microsoft Visual Studio Solution File, Format Version 12.00
# Visual Studio Version 17
VisualStudioVersion = 17.4.33205.214
MinimumVisualStudioVersion = 10.0.40219.1
Project("{9A19103F-16F7-4668-BE54-9A1E7A4F7556}") = "POS.Web", "POS.WEB\POS.Web.csproj", "{06C5C356-F0BC-4480-BB6B-6A2B42C70CED}"
EndProject
Project("{9A19103F-16F7-4668-BE54-9A1E7A4F7556}") = "POS.Repository", "POS.DataContext\POS.Repository.csproj", "{00517D35-4577-4A32-BA2E-13B9D04A4385}"
EndProject
Project("{9A19103F-16F7-4668-BE54-9A1E7A4F7556}") = "POS.Service", "POS.Service\POS.Service.csproj", "{C4FB1795-F477-4723-876B-84B6EEBA1983}"
EndProject
Global
	GlobalSection(SolutionConfigurationPlatforms) = preSolution
		Debug|Any CPU = Debug|Any CPU
		Release|Any CPU = Release|Any CPU
	EndGlobalSection
	GlobalSection(ProjectConfigurationPlatforms) = postSolution
		{06C5C356-F0BC-4480-BB6B-6A2B42C70CED}.Debug|Any CPU.ActiveCfg = Debug|Any CPU
		{06C5C356-F0BC-4480-BB6B-6A2B42C70CED}.Debug|Any CPU.Build.0 = Debug|Any CPU
		{06C5C356-F0BC-4480-BB6B-6A2B42C70CED}.Release|Any CPU.ActiveCfg = Release|Any CPU
		{06C5C356-F0BC-4480-BB6B-6A2B42C70CED}.Release|Any CPU.Build.0 = Release|Any CPU
		{00517D35-4577-4A32-BA2E-13B9D04A4385}.Debug|Any CPU.ActiveCfg = Debug|Any CPU
		{00517D35-4577-4A32-BA2E-13B9D04A4385}.Debug|Any CPU.Build.0 = Debug|Any CPU
		{00517D35-4577-4A32-BA2E-13B9D04A4385}.Release|Any CPU.ActiveCfg = Release|Any CPU
		{00517D35-4577-4A32-BA2E-13B9D04A4385}.Release|Any CPU.Build.0 = Release|Any CPU
		{C4FB1795-F477-4723-876B-84B6EEBA1983}.Debug|Any CPU.ActiveCfg = Debug|Any CPU
		{C4FB1795-F477-4723-876B-84B6EEBA1983}.Debug|Any CPU.Build.0 = Debug|Any CPU
		{C4FB1795-F477-4723-876B-84B6EEBA1983}.Release|Any CPU.ActiveCfg = Release|Any CPU
		{C4FB1795-F477-4723-876B-84B6EEBA1983}.Release|Any CPU.Build.0 = Release|Any CPU
	EndGlobalSection
	GlobalSection(SolutionProperties) = preSolution
		HideSolutionNode = FALSE
	EndGlobalSection
	GlobalSection(ExtensibilityGlobals) = postSolution
		SolutionGuid = {4C43CA6D-EA2E-4C40-A0D0-2777327F41D5}
	EndGlobalSection
EndGlobal
